<?xml version="1.0" encoding="utf-8"?>
<Project ToolsVersion="4.0" xmlns="http://schemas.microsoft.com/developer/msbuild/2003">
  <ItemGroup>
    <Filter Include="源文件">
      <UniqueIdentifier>{4FC737F1-C7A5-4376-A066-2A32D752A2FF}</UniqueIdentifier>
      <Extensions>cpp;c;cc;cxx;def;odl;idl;hpj;bat;asm;asmx</Extensions>
    </Filter>
    <Filter Include="头文件">
      <UniqueIdentifier>{93995380-89BD-4b04-88EB-625FBE52EBFB}</UniqueIdentifier>
      <Extensions>h;hpp;hxx;hm;inl;inc;xsd</Extensions>
    </Filter>
    <Filter Include="资源文件">
      <UniqueIdentifier>{67DA6AB6-F800-4c08-8B7A-83BB121AAD01}</UniqueIdentifier>
      <Extensions>rc;ico;cur;bmp;dlg;rc2;rct;bin;rgs;gif;jpg;jpeg;jpe;resx;tiff;tif;png;wav;mfcribbon-ms</Extensions>
    </Filter>
    <Filter Include="interface">
      <UniqueIdentifier>{de5ff9c6-bc2d-42cc-bacc-1710bb70f83a}</UniqueIdentifier>
    </Filter>
    <Filter Include="interface\inc">
      <UniqueIdentifier>{8d8b0432-272c-44a1-9668-6483b3445504}</UniqueIdentifier>
    </Filter>
    <Filter Include="interface\src">
      <UniqueIdentifier>{ca48ee21-0fe3-4383-afa7-8b172df8d70f}</UniqueIdentifier>
    </Filter>
  </ItemGroup>
  <ItemGroup>
    <ClInclude Include="dbtools.h">
      <Filter>头文件</Filter>
    </ClInclude>
    <ClInclude Include="dbtoolsDlg.h">
      <Filter>头文件</Filter>
    </ClInclude>
    <ClInclude Include="stdafx.h">
      <Filter>头文件</Filter>
    </ClInclude>
    <ClInclude Include="targetver.h">
      <Filter>头文件</Filter>
    </ClInclude>
    <ClInclude Include="Resource.h">
      <Filter>头文件</Filter>
    </ClInclude>
    <ClInclude Include="ExecSqlDlg.h">
      <Filter>头文件</Filter>
    </ClInclude>
    <ClInclude Include="DataViewDlg.h">
      <Filter>头文件</Filter>
    </ClInclude>
    <ClInclude Include="listview_interface.h">
      <Filter>interface\inc</Filter>
    </ClInclude>
    <ClInclude Include="interface.h">
      <Filter>interface\inc</Filter>
    </ClInclude>
    <ClInclude Include="combobox_interface.h">
      <Filter>interface\inc</Filter>
    </ClInclude>
    <ClInclude Include="ProgressDlg.h">
      <Filter>头文件</Filter>
    </ClInclude>
    <ClInclude Include="edit_interface.h">
      <Filter>interface\inc</Filter>
    </ClInclude>
    <ClInclude Include="treeview_interface.h">
      <Filter>interface\inc</Filter>
    </ClInclude>
    <ClInclude Include="win32_interface.h">
      <Filter>interface\inc</Filter>
    </ClInclude>
    <ClInclude Include="ConsoleDlg.h">
      <Filter>头文件</Filter>
    </ClInclude>
    <ClInclude Include="static_interface.h">
      <Filter>interface\inc</Filter>
    </ClInclude>
    <ClInclude Include="button_interface.h">
      <Filter>interface\inc</Filter>
    </ClInclude>
  </ItemGroup>
  <ItemGroup>
    <ClCompile Include="dbtools.cpp">
      <Filter>源文件</Filter>
    </ClCompile>
    <ClCompile Include="dbtoolsDlg.cpp">
      <Filter>源文件</Filter>
    </ClCompile>
    <ClCompile Include="stdafx.cpp">
      <Filter>源文件</Filter>
    </ClCompile>
    <ClCompile Include="ExecSqlDlg.cpp">
      <Filter>源文件</Filter>
    </ClCompile>
    <ClCompile Include="DataViewDlg.cpp">
      <Filter>源文件</Filter>
    </ClCompile>
    <ClCompile Include="interface.cpp">
      <Filter>interface\src</Filter>
    </ClCompile>
    <ClCompile Include="ProgressDlg.cpp">
      <Filter>源文件</Filter>
    </ClCompile>
    <ClCompile Include="win32_interface.cpp">
      <Filter>interface\src</Filter>
    </ClCompile>
    <ClCompile Include="ConsoleDlg.cpp">
      <Filter>源文件</Filter>
    </ClCompile>
  </ItemGroup>
  <ItemGroup>
    <ResourceCompile Include="dbtools.rc">
      <Filter>资源文件</Filter>
    </ResourceCompile>
  </ItemGroup>
  <ItemGroup>
    <None Include="res\dbtools.rc2">
      <Filter>资源文件</Filter>
    </None>
  </ItemGroup>
  <ItemGroup>
    <Image Include="res\dbtools.ico">
      <Filter>资源文件</Filter>
    </Image>
  </ItemGroup>
</Project>