<?xml version="1.0" encoding="utf-8"?>
<Project ToolsVersion="4.0" xmlns="http://schemas.microsoft.com/developer/msbuild/2003">
  <ItemGroup>
    <Filter Include="server">
      <UniqueIdentifier>{db367b7f-cd36-418d-a8e0-d54ada60678f}</UniqueIdentifier>
    </Filter>
    <Filter Include="html">
      <UniqueIdentifier>{f1142afd-c690-4ee3-a472-795f335a24a0}</UniqueIdentifier>
    </Filter>
    <Filter Include="common">
      <UniqueIdentifier>{5e879c93-a4ca-4acc-89ef-763894d591d1}</UniqueIdentifier>
    </Filter>
  </ItemGroup>
  <ItemGroup>
    <ClCompile Include="server.cpp">
      <Filter>server</Filter>
    </ClCompile>
    <ClCompile Include="interface.cpp">
      <Filter>server</Filter>
    </ClCompile>
    <ClCompile Include="..\common\gateclient.cpp">
      <Filter>common</Filter>
    </ClCompile>
    <ClCompile Include="..\common\protocol.cpp">
      <Filter>common</Filter>
    </ClCompile>
  </ItemGroup>
  <ItemGroup>
    <ClInclude Include="server.h">
      <Filter>server</Filter>
    </ClInclude>
    <ClInclude Include="interface.h">
      <Filter>server</Filter>
    </ClInclude>
    <ClInclude Include="resource.h" />
    <ClInclude Include="..\common\gateclient.h">
      <Filter>common</Filter>
    </ClInclude>
    <ClInclude Include="..\common\protocol.h">
      <Filter>common</Filter>
    </ClInclude>
  </ItemGroup>
  <ItemGroup>
    <ResourceCompile Include="operserver.rc" />
  </ItemGroup>
  <ItemGroup>
    <None Include="html\mainpage.html">
      <Filter>html</Filter>
    </None>
    <None Include="html\loginpage.html">
      <Filter>html</Filter>
    </None>
    <None Include="html\networkflow.html">
      <Filter>html</Filter>
    </None>
    <None Include="html\onlinecounter.html">
      <Filter>html</Filter>
    </None>
    <None Include="html\operpage.html">
      <Filter>html</Filter>
    </None>
    <None Include="html\remainpage.html">
      <Filter>html</Filter>
    </None>
    <None Include="html\chargepage.html">
      <Filter>html</Filter>
    </None>
    <None Include="html\errorpage.html">
      <Filter>html</Filter>
    </None>
    <None Include="html\userpage.html">
      <Filter>html</Filter>
    </None>
    <None Include="html\adduserdialog.html">
      <Filter>html</Filter>
    </None>
    <None Include="html\modifypassworddialog.html">
      <Filter>html</Filter>
    </None>
    <None Include="html\modifyuserdialog.html">
      <Filter>html</Filter>
    </None>
  </ItemGroup>
</Project>