
Microsoft Visual Studio Solution File, Format Version 12.00
# Visual Studio 15
VisualStudioVersion = 15.0.26730.16
MinimumVisualStudioVersion = 10.0.40219.1
Project("{2150E333-8FDC-42A3-9474-1A3956D46DE8}") = "工具集", "工具集", "{BDE2A9E6-DD50-4BC1-ABF5-24AC102AFDBD}"
EndProject
Project("{2150E333-8FDC-42A3-9474-1A3956D46DE8}") = "服务器", "服务器", "{52D564F0-33A2-4253-97ED-77A14488EEC0}"
EndProject
Project("{2150E333-8FDC-42A3-9474-1A3956D46DE8}") = "运营平台服务器", "运营平台服务器", "{5FC0AC86-A287-4173-AAAA-C3D88762BCF9}"
EndProject
Project("{2150E333-8FDC-42A3-9474-1A3956D46DE8}") = "win32", "win32", "{1CDDF857-0C66-4F10-9598-3BB6B2E24C83}"
EndProject
Project("{2150E333-8FDC-42A3-9474-1A3956D46DE8}") = "nsbase", "nsbase", "{FF996218-1DDC-4E2C-878D-7CABC9B0D214}"
EndProject
Project("{8BC9CEB8-8B4A-11D0-8D11-00A0C91BC942}") = "logicserver", "server\logicserver\logicserver.vs2017.vcxproj", "{8F2167A4-2BDB-4213-B6ED-AA5EECC97B87}"
	ProjectSection(ProjectDependencies) = postProject
		{40501E6F-1E1F-4ABC-BBA5-BA04E02880E8} = {40501E6F-1E1F-4ABC-BBA5-BA04E02880E8}
	EndProjectSection
EndProject
Project("{8BC9CEB8-8B4A-11D0-8D11-00A0C91BC942}") = "chargeserver", "server\chargeserver\chargeserver.vs2017.vcxproj", "{749DE6CE-2584-4B66-B23F-884525A38746}"
	ProjectSection(ProjectDependencies) = postProject
		{40501E6F-1E1F-4ABC-BBA5-BA04E02880E8} = {40501E6F-1E1F-4ABC-BBA5-BA04E02880E8}
	EndProjectSection
EndProject
Project("{8BC9CEB8-8B4A-11D0-8D11-00A0C91BC942}") = "dataserver", "server\dataserver\dataserver.vs2017.vcxproj", "{F54E7793-C2FE-4879-8566-7AD3D3ADB6F8}"
	ProjectSection(ProjectDependencies) = postProject
		{40501E6F-1E1F-4ABC-BBA5-BA04E02880E8} = {40501E6F-1E1F-4ABC-BBA5-BA04E02880E8}
	EndProjectSection
EndProject
Project("{8BC9CEB8-8B4A-11D0-8D11-00A0C91BC942}") = "gateserver", "server\gateserver\gateserver.vs2017.vcxproj", "{77035C04-5D20-49B4-88D9-79979CAFDB20}"
	ProjectSection(ProjectDependencies) = postProject
		{40501E6F-1E1F-4ABC-BBA5-BA04E02880E8} = {40501E6F-1E1F-4ABC-BBA5-BA04E02880E8}
	EndProjectSection
EndProject
Project("{8BC9CEB8-8B4A-11D0-8D11-00A0C91BC942}") = "operserver", "server\operserver\operserver.vs2017.vcxproj", "{6F542464-B988-4E7B-B936-B4348885E6C6}"
	ProjectSection(ProjectDependencies) = postProject
		{40501E6F-1E1F-4ABC-BBA5-BA04E02880E8} = {40501E6F-1E1F-4ABC-BBA5-BA04E02880E8}
	EndProjectSection
EndProject
Project("{8BC9CEB8-8B4A-11D0-8D11-00A0C91BC942}") = "cputest", "tools\cputest\cputest.vs2017.vcxproj", "{EA819AF7-3615-4905-A48A-46494A7BCA2F}"
	ProjectSection(ProjectDependencies) = postProject
		{40501E6F-1E1F-4ABC-BBA5-BA04E02880E8} = {40501E6F-1E1F-4ABC-BBA5-BA04E02880E8}
	EndProjectSection
EndProject
Project("{8BC9CEB8-8B4A-11D0-8D11-00A0C91BC942}") = "mysqlpsw", "tools\mysqlpsw\mysqlpsw.vs2017.vcxproj", "{F3739E0C-E324-4EA7-806E-B67D7B4997C7}"
	ProjectSection(ProjectDependencies) = postProject
		{40501E6F-1E1F-4ABC-BBA5-BA04E02880E8} = {40501E6F-1E1F-4ABC-BBA5-BA04E02880E8}
	EndProjectSection
EndProject
Project("{8BC9CEB8-8B4A-11D0-8D11-00A0C91BC942}") = "packdiff", "tools\packdiff\packdiff.vs2017.vcxproj", "{99543153-7F49-48E1-8A14-05892561CC3D}"
	ProjectSection(ProjectDependencies) = postProject
		{40501E6F-1E1F-4ABC-BBA5-BA04E02880E8} = {40501E6F-1E1F-4ABC-BBA5-BA04E02880E8}
	EndProjectSection
EndProject
Project("{8BC9CEB8-8B4A-11D0-8D11-00A0C91BC942}") = "patchserver", "tools\patchserver\patchserver.vs2017.vcxproj", "{3B3A3492-9A8E-4C6C-A070-671F81F6DF52}"
	ProjectSection(ProjectDependencies) = postProject
		{40501E6F-1E1F-4ABC-BBA5-BA04E02880E8} = {40501E6F-1E1F-4ABC-BBA5-BA04E02880E8}
	EndProjectSection
EndProject
Project("{8BC9CEB8-8B4A-11D0-8D11-00A0C91BC942}") = "tempeditor", "tools\tempeditor\tempeditor.vs2017.vcxproj", "{3584DA74-FD6F-4AF2-A388-86B44F9575F5}"
	ProjectSection(ProjectDependencies) = postProject
		{40501E6F-1E1F-4ABC-BBA5-BA04E02880E8} = {40501E6F-1E1F-4ABC-BBA5-BA04E02880E8}
	EndProjectSection
EndProject
Project("{8BC9CEB8-8B4A-11D0-8D11-00A0C91BC942}") = "demo", "client\demo\demo.vs2017.vcxproj", "{A8E6D7F2-841B-4ABB-B52B-687938B98A00}"
	ProjectSection(ProjectDependencies) = postProject
		{40501E6F-1E1F-4ABC-BBA5-BA04E02880E8} = {40501E6F-1E1F-4ABC-BBA5-BA04E02880E8}
		{AD8D31A4-75C2-4F04-8BD6-38394E79C65C} = {AD8D31A4-75C2-4F04-8BD6-38394E79C65C}
	EndProjectSection
EndProject
Project("{8BC9CEB8-8B4A-11D0-8D11-00A0C91BC942}") = "nsbase", "nsbase\nsbase\nsbase.vs2017.vcxproj", "{40501E6F-1E1F-4ABC-BBA5-BA04E02880E8}"
EndProject
Project("{8BC9CEB8-8B4A-11D0-8D11-00A0C91BC942}") = "nsclient", "client\nsclient\nsclient.vcxproj", "{AD8D31A4-75C2-4F04-8BD6-38394E79C65C}"
	ProjectSection(ProjectDependencies) = postProject
		{40501E6F-1E1F-4ABC-BBA5-BA04E02880E8} = {40501E6F-1E1F-4ABC-BBA5-BA04E02880E8}
	EndProjectSection
EndProject
Global
	GlobalSection(SolutionConfigurationPlatforms) = preSolution
		Debug|x64 = Debug|x64
		Debug|x86 = Debug|x86
		Release|x64 = Release|x64
		Release|x86 = Release|x86
	EndGlobalSection
	GlobalSection(ProjectConfigurationPlatforms) = postSolution
		{8F2167A4-2BDB-4213-B6ED-AA5EECC97B87}.Debug|x64.ActiveCfg = Debug|x64
		{8F2167A4-2BDB-4213-B6ED-AA5EECC97B87}.Debug|x64.Build.0 = Debug|x64
		{8F2167A4-2BDB-4213-B6ED-AA5EECC97B87}.Debug|x86.ActiveCfg = Debug|Win32
		{8F2167A4-2BDB-4213-B6ED-AA5EECC97B87}.Debug|x86.Build.0 = Debug|Win32
		{8F2167A4-2BDB-4213-B6ED-AA5EECC97B87}.Release|x64.ActiveCfg = Release|x64
		{8F2167A4-2BDB-4213-B6ED-AA5EECC97B87}.Release|x64.Build.0 = Release|x64
		{8F2167A4-2BDB-4213-B6ED-AA5EECC97B87}.Release|x86.ActiveCfg = Release|Win32
		{8F2167A4-2BDB-4213-B6ED-AA5EECC97B87}.Release|x86.Build.0 = Release|Win32
		{749DE6CE-2584-4B66-B23F-884525A38746}.Debug|x64.ActiveCfg = Debug|x64
		{749DE6CE-2584-4B66-B23F-884525A38746}.Debug|x64.Build.0 = Debug|x64
		{749DE6CE-2584-4B66-B23F-884525A38746}.Debug|x86.ActiveCfg = Debug|Win32
		{749DE6CE-2584-4B66-B23F-884525A38746}.Debug|x86.Build.0 = Debug|Win32
		{749DE6CE-2584-4B66-B23F-884525A38746}.Release|x64.ActiveCfg = Release|x64
		{749DE6CE-2584-4B66-B23F-884525A38746}.Release|x64.Build.0 = Release|x64
		{749DE6CE-2584-4B66-B23F-884525A38746}.Release|x86.ActiveCfg = Release|Win32
		{749DE6CE-2584-4B66-B23F-884525A38746}.Release|x86.Build.0 = Release|Win32
		{F54E7793-C2FE-4879-8566-7AD3D3ADB6F8}.Debug|x64.ActiveCfg = Debug|x64
		{F54E7793-C2FE-4879-8566-7AD3D3ADB6F8}.Debug|x64.Build.0 = Debug|x64
		{F54E7793-C2FE-4879-8566-7AD3D3ADB6F8}.Debug|x86.ActiveCfg = Debug|Win32
		{F54E7793-C2FE-4879-8566-7AD3D3ADB6F8}.Debug|x86.Build.0 = Debug|Win32
		{F54E7793-C2FE-4879-8566-7AD3D3ADB6F8}.Release|x64.ActiveCfg = Release|x64
		{F54E7793-C2FE-4879-8566-7AD3D3ADB6F8}.Release|x64.Build.0 = Release|x64
		{F54E7793-C2FE-4879-8566-7AD3D3ADB6F8}.Release|x86.ActiveCfg = Release|Win32
		{F54E7793-C2FE-4879-8566-7AD3D3ADB6F8}.Release|x86.Build.0 = Release|Win32
		{77035C04-5D20-49B4-88D9-79979CAFDB20}.Debug|x64.ActiveCfg = Debug|x64
		{77035C04-5D20-49B4-88D9-79979CAFDB20}.Debug|x64.Build.0 = Debug|x64
		{77035C04-5D20-49B4-88D9-79979CAFDB20}.Debug|x86.ActiveCfg = Debug|Win32
		{77035C04-5D20-49B4-88D9-79979CAFDB20}.Debug|x86.Build.0 = Debug|Win32
		{77035C04-5D20-49B4-88D9-79979CAFDB20}.Release|x64.ActiveCfg = Release|x64
		{77035C04-5D20-49B4-88D9-79979CAFDB20}.Release|x64.Build.0 = Release|x64
		{77035C04-5D20-49B4-88D9-79979CAFDB20}.Release|x86.ActiveCfg = Release|Win32
		{77035C04-5D20-49B4-88D9-79979CAFDB20}.Release|x86.Build.0 = Release|Win32
		{6F542464-B988-4E7B-B936-B4348885E6C6}.Debug|x64.ActiveCfg = Debug|x64
		{6F542464-B988-4E7B-B936-B4348885E6C6}.Debug|x64.Build.0 = Debug|x64
		{6F542464-B988-4E7B-B936-B4348885E6C6}.Debug|x86.ActiveCfg = Debug|Win32
		{6F542464-B988-4E7B-B936-B4348885E6C6}.Debug|x86.Build.0 = Debug|Win32
		{6F542464-B988-4E7B-B936-B4348885E6C6}.Release|x64.ActiveCfg = Release|x64
		{6F542464-B988-4E7B-B936-B4348885E6C6}.Release|x64.Build.0 = Release|x64
		{6F542464-B988-4E7B-B936-B4348885E6C6}.Release|x86.ActiveCfg = Release|Win32
		{6F542464-B988-4E7B-B936-B4348885E6C6}.Release|x86.Build.0 = Release|Win32
		{EA819AF7-3615-4905-A48A-46494A7BCA2F}.Debug|x64.ActiveCfg = Debug|x64
		{EA819AF7-3615-4905-A48A-46494A7BCA2F}.Debug|x64.Build.0 = Debug|x64
		{EA819AF7-3615-4905-A48A-46494A7BCA2F}.Debug|x86.ActiveCfg = Debug|Win32
		{EA819AF7-3615-4905-A48A-46494A7BCA2F}.Debug|x86.Build.0 = Debug|Win32
		{EA819AF7-3615-4905-A48A-46494A7BCA2F}.Release|x64.ActiveCfg = Release|x64
		{EA819AF7-3615-4905-A48A-46494A7BCA2F}.Release|x64.Build.0 = Release|x64
		{EA819AF7-3615-4905-A48A-46494A7BCA2F}.Release|x86.ActiveCfg = Release|Win32
		{EA819AF7-3615-4905-A48A-46494A7BCA2F}.Release|x86.Build.0 = Release|Win32
		{F3739E0C-E324-4EA7-806E-B67D7B4997C7}.Debug|x64.ActiveCfg = Debug|x64
		{F3739E0C-E324-4EA7-806E-B67D7B4997C7}.Debug|x64.Build.0 = Debug|x64
		{F3739E0C-E324-4EA7-806E-B67D7B4997C7}.Debug|x86.ActiveCfg = Debug|Win32
		{F3739E0C-E324-4EA7-806E-B67D7B4997C7}.Debug|x86.Build.0 = Debug|Win32
		{F3739E0C-E324-4EA7-806E-B67D7B4997C7}.Release|x64.ActiveCfg = Release|x64
		{F3739E0C-E324-4EA7-806E-B67D7B4997C7}.Release|x64.Build.0 = Release|x64
		{F3739E0C-E324-4EA7-806E-B67D7B4997C7}.Release|x86.ActiveCfg = Release|Win32
		{F3739E0C-E324-4EA7-806E-B67D7B4997C7}.Release|x86.Build.0 = Release|Win32
		{99543153-7F49-48E1-8A14-05892561CC3D}.Debug|x64.ActiveCfg = Debug|x64
		{99543153-7F49-48E1-8A14-05892561CC3D}.Debug|x64.Build.0 = Debug|x64
		{99543153-7F49-48E1-8A14-05892561CC3D}.Debug|x86.ActiveCfg = Debug|Win32
		{99543153-7F49-48E1-8A14-05892561CC3D}.Debug|x86.Build.0 = Debug|Win32
		{99543153-7F49-48E1-8A14-05892561CC3D}.Release|x64.ActiveCfg = Release|x64
		{99543153-7F49-48E1-8A14-05892561CC3D}.Release|x64.Build.0 = Release|x64
		{99543153-7F49-48E1-8A14-05892561CC3D}.Release|x86.ActiveCfg = Release|Win32
		{99543153-7F49-48E1-8A14-05892561CC3D}.Release|x86.Build.0 = Release|Win32
		{3B3A3492-9A8E-4C6C-A070-671F81F6DF52}.Debug|x64.ActiveCfg = Debug|x64
		{3B3A3492-9A8E-4C6C-A070-671F81F6DF52}.Debug|x64.Build.0 = Debug|x64
		{3B3A3492-9A8E-4C6C-A070-671F81F6DF52}.Debug|x86.ActiveCfg = Debug|Win32
		{3B3A3492-9A8E-4C6C-A070-671F81F6DF52}.Debug|x86.Build.0 = Debug|Win32
		{3B3A3492-9A8E-4C6C-A070-671F81F6DF52}.Release|x64.ActiveCfg = Release|x64
		{3B3A3492-9A8E-4C6C-A070-671F81F6DF52}.Release|x64.Build.0 = Release|x64
		{3B3A3492-9A8E-4C6C-A070-671F81F6DF52}.Release|x86.ActiveCfg = Release|Win32
		{3B3A3492-9A8E-4C6C-A070-671F81F6DF52}.Release|x86.Build.0 = Release|Win32
		{3584DA74-FD6F-4AF2-A388-86B44F9575F5}.Debug|x64.ActiveCfg = Debug|x64
		{3584DA74-FD6F-4AF2-A388-86B44F9575F5}.Debug|x64.Build.0 = Debug|x64
		{3584DA74-FD6F-4AF2-A388-86B44F9575F5}.Debug|x86.ActiveCfg = Debug|Win32
		{3584DA74-FD6F-4AF2-A388-86B44F9575F5}.Debug|x86.Build.0 = Debug|Win32
		{3584DA74-FD6F-4AF2-A388-86B44F9575F5}.Release|x64.ActiveCfg = Release|x64
		{3584DA74-FD6F-4AF2-A388-86B44F9575F5}.Release|x64.Build.0 = Release|x64
		{3584DA74-FD6F-4AF2-A388-86B44F9575F5}.Release|x86.ActiveCfg = Release|Win32
		{3584DA74-FD6F-4AF2-A388-86B44F9575F5}.Release|x86.Build.0 = Release|Win32
		{A8E6D7F2-841B-4ABB-B52B-687938B98A00}.Debug|x64.ActiveCfg = Debug|x64
		{A8E6D7F2-841B-4ABB-B52B-687938B98A00}.Debug|x64.Build.0 = Debug|x64
		{A8E6D7F2-841B-4ABB-B52B-687938B98A00}.Debug|x86.ActiveCfg = Debug|Win32
		{A8E6D7F2-841B-4ABB-B52B-687938B98A00}.Debug|x86.Build.0 = Debug|Win32
		{A8E6D7F2-841B-4ABB-B52B-687938B98A00}.Release|x64.ActiveCfg = Release|x64
		{A8E6D7F2-841B-4ABB-B52B-687938B98A00}.Release|x64.Build.0 = Release|x64
		{A8E6D7F2-841B-4ABB-B52B-687938B98A00}.Release|x86.ActiveCfg = Release|Win32
		{A8E6D7F2-841B-4ABB-B52B-687938B98A00}.Release|x86.Build.0 = Release|Win32
		{40501E6F-1E1F-4ABC-BBA5-BA04E02880E8}.Debug|x64.ActiveCfg = Debug|x64
		{40501E6F-1E1F-4ABC-BBA5-BA04E02880E8}.Debug|x64.Build.0 = Debug|x64
		{40501E6F-1E1F-4ABC-BBA5-BA04E02880E8}.Debug|x86.ActiveCfg = Debug|Win32
		{40501E6F-1E1F-4ABC-BBA5-BA04E02880E8}.Debug|x86.Build.0 = Debug|Win32
		{40501E6F-1E1F-4ABC-BBA5-BA04E02880E8}.Release|x64.ActiveCfg = Release|x64
		{40501E6F-1E1F-4ABC-BBA5-BA04E02880E8}.Release|x64.Build.0 = Release|x64
		{40501E6F-1E1F-4ABC-BBA5-BA04E02880E8}.Release|x86.ActiveCfg = Release|Win32
		{40501E6F-1E1F-4ABC-BBA5-BA04E02880E8}.Release|x86.Build.0 = Release|Win32
		{AD8D31A4-75C2-4F04-8BD6-38394E79C65C}.Debug|x64.ActiveCfg = Debug|x64
		{AD8D31A4-75C2-4F04-8BD6-38394E79C65C}.Debug|x64.Build.0 = Debug|x64
		{AD8D31A4-75C2-4F04-8BD6-38394E79C65C}.Debug|x86.ActiveCfg = Debug|Win32
		{AD8D31A4-75C2-4F04-8BD6-38394E79C65C}.Debug|x86.Build.0 = Debug|Win32
		{AD8D31A4-75C2-4F04-8BD6-38394E79C65C}.Release|x64.ActiveCfg = Release|x64
		{AD8D31A4-75C2-4F04-8BD6-38394E79C65C}.Release|x64.Build.0 = Release|x64
		{AD8D31A4-75C2-4F04-8BD6-38394E79C65C}.Release|x86.ActiveCfg = Release|Win32
		{AD8D31A4-75C2-4F04-8BD6-38394E79C65C}.Release|x86.Build.0 = Release|Win32
	EndGlobalSection
	GlobalSection(SolutionProperties) = preSolution
		HideSolutionNode = FALSE
	EndGlobalSection
	GlobalSection(NestedProjects) = preSolution
		{8F2167A4-2BDB-4213-B6ED-AA5EECC97B87} = {52D564F0-33A2-4253-97ED-77A14488EEC0}
		{749DE6CE-2584-4B66-B23F-884525A38746} = {5FC0AC86-A287-4173-AAAA-C3D88762BCF9}
		{F54E7793-C2FE-4879-8566-7AD3D3ADB6F8} = {52D564F0-33A2-4253-97ED-77A14488EEC0}
		{77035C04-5D20-49B4-88D9-79979CAFDB20} = {52D564F0-33A2-4253-97ED-77A14488EEC0}
		{6F542464-B988-4E7B-B936-B4348885E6C6} = {5FC0AC86-A287-4173-AAAA-C3D88762BCF9}
		{EA819AF7-3615-4905-A48A-46494A7BCA2F} = {BDE2A9E6-DD50-4BC1-ABF5-24AC102AFDBD}
		{F3739E0C-E324-4EA7-806E-B67D7B4997C7} = {BDE2A9E6-DD50-4BC1-ABF5-24AC102AFDBD}
		{99543153-7F49-48E1-8A14-05892561CC3D} = {BDE2A9E6-DD50-4BC1-ABF5-24AC102AFDBD}
		{3B3A3492-9A8E-4C6C-A070-671F81F6DF52} = {BDE2A9E6-DD50-4BC1-ABF5-24AC102AFDBD}
		{3584DA74-FD6F-4AF2-A388-86B44F9575F5} = {BDE2A9E6-DD50-4BC1-ABF5-24AC102AFDBD}
		{A8E6D7F2-841B-4ABB-B52B-687938B98A00} = {1CDDF857-0C66-4F10-9598-3BB6B2E24C83}
		{40501E6F-1E1F-4ABC-BBA5-BA04E02880E8} = {FF996218-1DDC-4E2C-878D-7CABC9B0D214}
		{AD8D31A4-75C2-4F04-8BD6-38394E79C65C} = {1CDDF857-0C66-4F10-9598-3BB6B2E24C83}
	EndGlobalSection
	GlobalSection(ExtensibilityGlobals) = postSolution
		SolutionGuid = {AF5A2A9A-0AFF-4AFD-A995-4F6686A9F8FB}
	EndGlobalSection
EndGlobal
